github.com/BurntSushi/toml v0.3.1 h1:WXkYYl6Yr3qBf1K79EBnL4mak0OimBfB0XUf9Vl28OQ=
github.com/BurntSushi/toml v0.3.1/go.mod h1:xHWCNGjB5oqiDr8zfno3MHue2Ht5sIBksp03qcyfWMU=
github.com/Medium/medium-sdk-go v0.0.0-20171230201202-4daca056cf6a h1:xeZJ4ukiUSILKwN315K/lIORHHVlpMfXVDEVlnGajHw=
github.com/Medium/medium-sdk-go v0.0.0-20171230201202-4daca056cf6a/go.mod h1:G0y5Q2k2IKmaHW1uyX9mC+w0hyOw4xgDT3JD2V2VxBU=
github.com/PuerkitoBio/goquery v1.5.1 h1:PSPBGne8NIUWw+/7vFBV+kG2J/5MOjbzc7154OaKCSE=
github.com/PuerkitoBio/goquery v1.5.1/go.mod h1:GsLWisAFVj4WgDibEWF4pvYnkVQBpKBKeU+7zCJoLcc=
github.com/andybalholm/cascadia v1.1.0 h1:BuuO6sSfQNFRu1LppgbD25Hr2vLYW25JvxHs5zzsLTo=
github.com/andybalholm/cascadia v1.1.0/go.mod h1:GsXiBklL0woXo1j/WYWtSYYC4ouU9PqHO0sqidkEA4Y=
github.com/davecgh/go-spew v1.1.1 h1:vj9j/u1bqnvCEfJOwUhtlOARqs3+rkHYY13jYWTU97c=
github.com/davecgh/go-spew v1.1.1/go.mod h1:J7Y8YcW2NihsgmVo/mv3lAwl/skON4iLHjSsI+c5H38=
github.com/gomarkdown/markdown v0.0.0-20200824053859-8c8b3816f167 h1:LP/6EfrZ/LyCc+SXvANDrIJ4sP9u2NAtqyv6QknetNQ=
github.com/gomarkdown/markdown v0.0.0-20200824053859-8c8b3816f167/go.mod h1:aii0r/K0ZnHv7G0KF7xy1v0A7s2Ljrb5byB7MO5p6TU=
github.com/konsorten/go-windows-terminal-sequences v1.0.3 h1:CE8S1cTafDpPvMhIxNJKvHsGVBgn1xWYf1NbHQhywc8=
github.com/konsorten/go-windows-terminal-sequences v1.0.3/go.mod h1:T0+1ngSBFLxvqU3pZ+m/2kptfBszLMUkC4ZK/EgS/cQ=
github.com/litao91/goldmark-mathjax v0.0.0-20191101121019-011def32b12f h1:mTnjnO2A0T4oKEKPK//Mqj8kerYOOLMDFxCqqznRGsY=
github.com/litao91/goldmark-mathjax v0.0.0-20191101121019-011def32b12f/go.mod h1:visY8Wq1v63x0pB96H2V3D/02Q32D6s37+q3ya1/gOM=
github.com/pkg/errors v0.9.1 h1:FEBLx1zS214owpjy7qsBeixbURkuhQAwrK5UwLGTwt4=
github.com/pkg/errors v0.9.1/go.mod h1:bwawxfHBFNV+L2hUp1rHADufV3IMtnDRdf1r5NINEl0=
github.com/pmezard/go-difflib v1.0.0 h1:4DBwDE0NGyQoBHbLQYPwSUPoCMWR5BEzIk/f1lZbAQM=
github.com/pmezard/go-difflib v1.0.0/go.mod h1:iKH77koFhYxTK1pcRnkKkqfTogsbg7gZNVY4sRDYZ/4=
github.com/sirupsen/logrus v1.6.0 h1:UBcNElsrwanuuMsnGSlYmtmgbb23qDR5dG+6X6Oo89I=
github.com/sirupsen/logrus v1.6.0/go.mod h1:7uNnSEd1DgxDLC74fIahvMZmmYsHGZGEOFrfsX/uA88=
github.com/stretchr/testify v1.2.2 h1:bSDNvY7ZPG5RlJ8otE/7V6gMiyenm9RtJ7IUVIAoJ1w=
github.com/stretchr/testify v1.2.2/go.mod h1:a8OnRcib4nhh0OaRAV+Yts87kKdq0PP7pXfy6kDkUVs=
github.com/yuin/goldmark v1.1.7/go.mod h1:3hX8gzYuyVAZsxl0MRgGTJEmQBFcNTphYh9decYSb74=
github.com/yuin/goldmark v1.2.1 h1:ruQGxdhGHe7FWOJPT0mKs5+pD2Xs1Bm/kdGlHO04FmM=
github.com/yuin/goldmark v1.2.1/go.mod h1:3hX8gzYuyVAZsxl0MRgGTJEmQBFcNTphYh9decYSb74=
github.com/yuin/goldmark-meta v0.0.0-20191126180153-f0638e958b60 h1:gZucqLjL1eDzVWrXj4uiWeMbAopJlBR2mKQAsTGdPwo=
github.com/yuin/goldmark-meta v0.0.0-20191126180153-f0638e958b60/go.mod h1:i9VhcIHN2PxXMbQrKqXNueok6QNONoPjNMoj9MygVL0=
golang.org/dl v0.0.0-20190829154251-82a15e2f2ead/go.mod h1:IUMfjQLJQd4UTqG1Z90tenwKoCX93Gn3MAQJMOSBsDQ=
golang.org/x/crypto v0.0.0-20190308221718-c2843e01d9a2/go.mod h1:djNgcEr1/C05ACkg1iLfiJU5Ep61QUkGW8qpdssI0+w=
golang.org/x/net v0.0.0-20180218175443-cbe0f9307d01/go.mod h1:mL1N/T3taQHkDXs73rZJwtUhF3w3ftmwwsq0BUmARs4=
golang.org/x/net v0.0.0-20200202094626-16171245cfb2 h1:CCH4IOTTfewWjGOlSp+zGcjutRKlBEZQ6wTn8ozI/nI=
golang.org/x/net v0.0.0-20200202094626-16171245cfb2/go.mod h1:z5CRVTTTmAJ677TzLLGU+0bjPO0LkuOLi4/5GtJWs/s=
golang.org/x/sys v0.0.0-20190215142949-d0b11bdaac8a/go.mod h1:STP8DvDyc/dI5b8T5hshtkjS+E42TnysNCUPdjciGhY=
golang.org/x/sys v0.0.0-20190422165155-953cdadca894 h1:Cz4ceDQGXuKRnVBDTS23GTn/pU5OE2C0WrNTOYK1Uuc=
golang.org/x/sys v0.0.0-20190422165155-953cdadca894/go.mod h1:h1NjWce9XRLGQEsW7wpKNCjG9DtNlClVuFLEZdDNbEs=
golang.org/x/text v0.3.0/go.mod h1:NqM8EUOU14njkJ3fqMW+pc6Ldnwhi/IjpwHt7yyuwOQ=
gopkg.in/check.v1 v0.0.0-20161208181325-20d25e280405/go.mod h1:Co6ibVJAznAaIkqp8huTwlJQCZ016jof/cbN4VW5Yz0=
gopkg.in/yaml.v2 v2.2.2 h1:ZCJp+EgiOT7lHqUV2J862kp8Qj64Jo6az82+3Td9dZw=
gopkg.in/yaml.v2 v2.2.2/go.mod h1:hI93XBmqTisBFMUTm0b8Fm+jr3Dg1NNxqwp+5A1VGuI=
